
Microsoft Visual Studio Solution File, Format Version 12.00
# Visual Studio Version 17
VisualStudioVersion = 17.0.32112.339
MinimumVisualStudioVersion = 10.0.40219.1
Project("{FAE04EC0-301F-11D3-BF4B-00C04F79EFBC}") = "UdemyEfCore", "UdemyEfCore\UdemyEfCore.csproj", "{BCFED88F-E354-4248-926F-42EAE7EF4BED}"
EndProject
Global
	GlobalSection(SolutionConfigurationPlatforms) = preSolution
		Debug|Any CPU = Debug|Any CPU
		Release|Any CPU = Release|Any CPU
	EndGlobalSection
	GlobalSection(ProjectConfigurationPlatforms) = postSolution
		{BCFED88F-E354-4248-926F-42EAE7EF4BED}.Debug|Any CPU.ActiveCfg = Debug|Any CPU
		{BCFED88F-E354-4248-926F-42EAE7EF4BED}.Debug|Any CPU.Build.0 = Debug|Any CPU
		{BCFED88F-E354-4248-926F-42EAE7EF4BED}.Release|Any CPU.ActiveCfg = Release|Any CPU
		{BCFED88F-E354-4248-926F-42EAE7EF4BED}.Release|Any CPU.Build.0 = Release|Any CPU
	EndGlobalSection
	GlobalSection(SolutionProperties) = preSolution
		HideSolutionNode = FALSE
	EndGlobalSection
	GlobalSection(ExtensibilityGlobals) = postSolution
		SolutionGuid = {268C2C36-674A-4FC8-A93F-7B97C8DDA336}
	EndGlobalSection
EndGlobal
